
Microsoft Visual Studio Solution File, Format Version 12.00
# Visual Studio Version 17
VisualStudioVersion = 17.6.33815.320
MinimumVisualStudioVersion = 10.0.40219.1
Project("{FAE04EC0-301F-11D3-BF4B-00C04F79EFBC}") = "Home_work_19.10", "Home_work_19.10\Home_work_19.10.csproj", "{4548C3BD-6B98-45F0-877E-3EB10C8C0C74}"
EndProject
Global
	GlobalSection(SolutionConfigurationPlatforms) = preSolution
		Debug|Any CPU = Debug|Any CPU
		Release|Any CPU = Release|Any CPU
	EndGlobalSection
	GlobalSection(ProjectConfigurationPlatforms) = postSolution
		{4548C3BD-6B98-45F0-877E-3EB10C8C0C74}.Debug|Any CPU.ActiveCfg = Debug|Any CPU
		{4548C3BD-6B98-45F0-877E-3EB10C8C0C74}.Debug|Any CPU.Build.0 = Debug|Any CPU
		{4548C3BD-6B98-45F0-877E-3EB10C8C0C74}.Release|Any CPU.ActiveCfg = Release|Any CPU
		{4548C3BD-6B98-45F0-877E-3EB10C8C0C74}.Release|Any CPU.Build.0 = Release|Any CPU
	EndGlobalSection
	GlobalSection(SolutionProperties) = preSolution
		HideSolutionNode = FALSE
	EndGlobalSection
	GlobalSection(ExtensibilityGlobals) = postSolution
		SolutionGuid = {B602ECCB-D948-4325-B2BF-C026DF183EE1}
	EndGlobalSection
EndGlobal
